
Microsoft Visual Studio Solution File, Format Version 12.00
Project("{FAE04EC0-301F-11D3-BF4B-00C04F79EFBC}") = "devlog", "devlog\devlog.csproj", "{DAA9F305-70C5-4BF2-971C-C05B7F4DDDCD}"
EndProject
Global
	GlobalSection(SolutionConfigurationPlatforms) = preSolution
		Debug|Any CPU = Debug|Any CPU
		Release|Any CPU = Release|Any CPU
	EndGlobalSection
	GlobalSection(ProjectConfigurationPlatforms) = postSolution
		{DAA9F305-70C5-4BF2-971C-C05B7F4DDDCD}.Debug|Any CPU.ActiveCfg = Debug|Any CPU
		{DAA9F305-70C5-4BF2-971C-C05B7F4DDDCD}.Debug|Any CPU.Build.0 = Debug|Any CPU
		{DAA9F305-70C5-4BF2-971C-C05B7F4DDDCD}.Release|Any CPU.ActiveCfg = Release|Any CPU
		{DAA9F305-70C5-4BF2-971C-C05B7F4DDDCD}.Release|Any CPU.Build.0 = Release|Any CPU
	EndGlobalSection
EndGlobal
